{
  "lockfileVersion": 1,
  "workspaces": {
    "": {
      "name": "playwright-extension",
      "dependencies": {
        "@types/node": "^22.13.9",
        "playwright-crx": "0.12.0",
        "scraggy": "^0.0.5",
      },
      "devDependencies": {
        "@types/chrome": "^0.0.281",
        "rollup-plugin-sourcemaps": "^0.6.3",
        "typescript": "^5.5.3",
        "vite": "^5.4.6",
      },
    },
  },
  "packages": {
    "@esbuild/darwin-arm64": ["@esbuild/darwin-arm64@0.21.5", "", { "os": "darwin", "cpu": "arm64" }, ""],

    "@rollup/pluginutils": ["@rollup/pluginutils@3.1.0", "", { "dependencies": { "@types/estree": "0.0.39", "estree-walker": "^1.0.1", "picomatch": "^2.2.2" }, "peerDependencies": { "rollup": "^1.20.0||^2.0.0" } }, "sha512-GksZ6pr6TpIjHm8h9lSQ8pi8BE9VeubNT0OMJ3B5uZJ8pz73NPiqOtCog/x2/QzM1ENChPKxMDhiQuRHsqc+lg=="],

    "@rollup/rollup-android-arm-eabi": ["@rollup/rollup-android-arm-eabi@4.34.9", "", { "os": "android", "cpu": "arm" }, "sha512-qZdlImWXur0CFakn2BJ2znJOdqYZKiedEPEVNTBrpfPjc/YuTGcaYZcdmNFTkUj3DU0ZM/AElcM8Ybww3xVLzA=="],

    "@rollup/rollup-android-arm64": ["@rollup/rollup-android-arm64@4.34.9", "", { "os": "android", "cpu": "arm64" }, "sha512-4KW7P53h6HtJf5Y608T1ISKvNIYLWRKMvfnG0c44M6In4DQVU58HZFEVhWINDZKp7FZps98G3gxwC1sb0wXUUg=="],

    "@rollup/rollup-darwin-arm64": ["@rollup/rollup-darwin-arm64@4.34.9", "", { "os": "darwin", "cpu": "arm64" }, "sha512-0CY3/K54slrzLDjOA7TOjN1NuLKERBgk9nY5V34mhmuu673YNb+7ghaDUs6N0ujXR7fz5XaS5Aa6d2TNxZd0OQ=="],

    "@rollup/rollup-darwin-x64": ["@rollup/rollup-darwin-x64@4.34.9", "", { "os": "darwin", "cpu": "x64" }, "sha512-eOojSEAi/acnsJVYRxnMkPFqcxSMFfrw7r2iD9Q32SGkb/Q9FpUY1UlAu1DH9T7j++gZ0lHjnm4OyH2vCI7l7Q=="],

    "@rollup/rollup-freebsd-arm64": ["@rollup/rollup-freebsd-arm64@4.34.9", "", { "os": "freebsd", "cpu": "arm64" }, "sha512-2lzjQPJbN5UnHm7bHIUKFMulGTQwdvOkouJDpPysJS+QFBGDJqcfh+CxxtG23Ik/9tEvnebQiylYoazFMAgrYw=="],

    "@rollup/rollup-freebsd-x64": ["@rollup/rollup-freebsd-x64@4.34.9", "", { "os": "freebsd", "cpu": "x64" }, "sha512-SLl0hi2Ah2H7xQYd6Qaiu01kFPzQ+hqvdYSoOtHYg/zCIFs6t8sV95kaoqjzjFwuYQLtOI0RZre/Ke0nPaQV+g=="],

    "@rollup/rollup-linux-arm-gnueabihf": ["@rollup/rollup-linux-arm-gnueabihf@4.34.9", "", { "os": "linux", "cpu": "arm" }, "sha512-88I+D3TeKItrw+Y/2ud4Tw0+3CxQ2kLgu3QvrogZ0OfkmX/DEppehus7L3TS2Q4lpB+hYyxhkQiYPJ6Mf5/dPg=="],

    "@rollup/rollup-linux-arm-musleabihf": ["@rollup/rollup-linux-arm-musleabihf@4.34.9", "", { "os": "linux", "cpu": "arm" }, "sha512-3qyfWljSFHi9zH0KgtEPG4cBXHDFhwD8kwg6xLfHQ0IWuH9crp005GfoUUh/6w9/FWGBwEHg3lxK1iHRN1MFlA=="],

    "@rollup/rollup-linux-arm64-gnu": ["@rollup/rollup-linux-arm64-gnu@4.34.9", "", { "os": "linux", "cpu": "arm64" }, "sha512-6TZjPHjKZUQKmVKMUowF3ewHxctrRR09eYyvT5eFv8w/fXarEra83A2mHTVJLA5xU91aCNOUnM+DWFMSbQ0Nxw=="],

    "@rollup/rollup-linux-arm64-musl": ["@rollup/rollup-linux-arm64-musl@4.34.9", "", { "os": "linux", "cpu": "arm64" }, "sha512-LD2fytxZJZ6xzOKnMbIpgzFOuIKlxVOpiMAXawsAZ2mHBPEYOnLRK5TTEsID6z4eM23DuO88X0Tq1mErHMVq0A=="],

    "@rollup/rollup-linux-loongarch64-gnu": ["@rollup/rollup-linux-loongarch64-gnu@4.34.9", "", { "os": "linux", "cpu": "none" }, "sha512-dRAgTfDsn0TE0HI6cmo13hemKpVHOEyeciGtvlBTkpx/F65kTvShtY/EVyZEIfxFkV5JJTuQ9tP5HGBS0hfxIg=="],

    "@rollup/rollup-linux-powerpc64le-gnu": ["@rollup/rollup-linux-powerpc64le-gnu@4.34.9", "", { "os": "linux", "cpu": "ppc64" }, "sha512-PHcNOAEhkoMSQtMf+rJofwisZqaU8iQ8EaSps58f5HYll9EAY5BSErCZ8qBDMVbq88h4UxaNPlbrKqfWP8RfJA=="],

    "@rollup/rollup-linux-riscv64-gnu": ["@rollup/rollup-linux-riscv64-gnu@4.34.9", "", { "os": "linux", "cpu": "none" }, "sha512-Z2i0Uy5G96KBYKjeQFKbbsB54xFOL5/y1P5wNBsbXB8yE+At3oh0DVMjQVzCJRJSfReiB2tX8T6HUFZ2k8iaKg=="],

    "@rollup/rollup-linux-s390x-gnu": ["@rollup/rollup-linux-s390x-gnu@4.34.9", "", { "os": "linux", "cpu": "s390x" }, "sha512-U+5SwTMoeYXoDzJX5dhDTxRltSrIax8KWwfaaYcynuJw8mT33W7oOgz0a+AaXtGuvhzTr2tVKh5UO8GVANTxyQ=="],

    "@rollup/rollup-linux-x64-gnu": ["@rollup/rollup-linux-x64-gnu@4.34.9", "", { "os": "linux", "cpu": "x64" }, "sha512-FwBHNSOjUTQLP4MG7y6rR6qbGw4MFeQnIBrMe161QGaQoBQLqSUEKlHIiVgF3g/mb3lxlxzJOpIBhaP+C+KP2A=="],

    "@rollup/rollup-linux-x64-musl": ["@rollup/rollup-linux-x64-musl@4.34.9", "", { "os": "linux", "cpu": "x64" }, "sha512-cYRpV4650z2I3/s6+5/LONkjIz8MBeqrk+vPXV10ORBnshpn8S32bPqQ2Utv39jCiDcO2eJTuSlPXpnvmaIgRA=="],

    "@rollup/rollup-win32-arm64-msvc": ["@rollup/rollup-win32-arm64-msvc@4.34.9", "", { "os": "win32", "cpu": "arm64" }, "sha512-z4mQK9dAN6byRA/vsSgQiPeuO63wdiDxZ9yg9iyX2QTzKuQM7T4xlBoeUP/J8uiFkqxkcWndWi+W7bXdPbt27Q=="],

    "@rollup/rollup-win32-ia32-msvc": ["@rollup/rollup-win32-ia32-msvc@4.34.9", "", { "os": "win32", "cpu": "ia32" }, "sha512-KB48mPtaoHy1AwDNkAJfHXvHp24H0ryZog28spEs0V48l3H1fr4i37tiyHsgKZJnCmvxsbATdZGBpbmxTE3a9w=="],

    "@rollup/rollup-win32-x64-msvc": ["@rollup/rollup-win32-x64-msvc@4.34.9", "", { "os": "win32", "cpu": "x64" }, "sha512-AyleYRPU7+rgkMWbEh71fQlrzRfeP6SyMnRf9XX4fCdDPAJumdSBqYEcWPMzVQ4ScAl7E4oFfK0GUVn77xSwbw=="],

    "@types/chrome": ["@types/chrome@0.0.281", "", { "dependencies": { "@types/filesystem": "*", "@types/har-format": "*" } }, ""],

    "@types/estree": ["@types/estree@0.0.39", "", {}, "sha512-EYNwp3bU+98cpU4lAWYYL7Zz+2gryWH1qbdDTidVd6hkiR6weksdbMadyXKXNPEkQFhXM+hVO9ZygomHXp+AIw=="],

    "@types/filesystem": ["@types/filesystem@0.0.36", "", { "dependencies": { "@types/filewriter": "*" } }, ""],

    "@types/filewriter": ["@types/filewriter@0.0.33", "", {}, ""],

    "@types/har-format": ["@types/har-format@1.2.16", "", {}, ""],

    "@types/node": ["@types/node@22.13.9", "", { "dependencies": { "undici-types": "~6.20.0" } }, ""],

    "acorn": ["acorn@8.14.1", "", { "bin": "bin/acorn" }, "sha512-OvQ/2pUDKmgfCg++xsTX1wGxfTaszcHVcTctW4UJB4hibJx2HXxxO5UmVgyjMa+ZDsiaf5wWLXYpRWMmBI0QHg=="],

    "atob": ["atob@2.1.2", "", { "bin": "bin/atob.js" }, "sha512-Wm6ukoaOGJi/73p/cl2GvLjTI5JM1k/O14isD73YML8StrH/7/lRFgmg8nICZgD3bZZvjwCGxtMOD3wWNAu8cg=="],

    "decode-uri-component": ["decode-uri-component@0.2.2", "", {}, "sha512-FqUYQ+8o158GyGTrMFJms9qh3CqTKvAqgqsTnkLI8sKu0028orqBhxNMFkFen0zGyg6epACD32pjVk58ngIErQ=="],

    "esbuild": ["esbuild@0.21.5", "", { "optionalDependencies": { "@esbuild/darwin-arm64": "0.21.5" }, "bin": "bin/esbuild" }, ""],

    "estree-walker": ["estree-walker@1.0.1", "", {}, "sha512-1fMXF3YP4pZZVozF8j/ZLfvnR8NSIljt56UhbZ5PeeDmmGHpgpdwQt7ITlGvYaQukCvuBRMLEiKiYC+oeIg4cg=="],

    "fsevents": ["fsevents@2.3.3", "", { "os": "darwin" }, ""],

    "nanoid": ["nanoid@3.3.9", "", { "bin": "bin/nanoid.cjs" }, ""],

    "picocolors": ["picocolors@1.1.1", "", {}, ""],

    "picomatch": ["picomatch@2.3.1", "", {}, "sha512-JU3teHTNjmE2VCGFzuY8EXzCDVwEqB2a8fsIvwaStHhAWJEeVd1o1QD80CU6+ZdEXXSLbSsuLwJjkCBWqRQUVA=="],

    "playwright-crx": ["playwright-crx@0.12.0", "", {}, ""],

    "postcss": ["postcss@8.5.3", "", { "dependencies": { "nanoid": "^3.3.8", "picocolors": "^1.1.1", "source-map-js": "^1.2.1" } }, ""],

    "rollup": ["rollup@2.79.2", "", { "optionalDependencies": { "fsevents": "~2.3.2" }, "bin": "dist/bin/rollup" }, "sha512-fS6iqSPZDs3dr/y7Od6y5nha8dW1YnbgtsyotCVvoFGKbERG++CVRFv1meyGDE1SNItQA8BrnCw7ScdAhRJ3XQ=="],

    "rollup-plugin-sourcemaps": ["rollup-plugin-sourcemaps@0.6.3", "", { "dependencies": { "@rollup/pluginutils": "^3.0.9", "source-map-resolve": "^0.6.0" }, "peerDependencies": { "@types/node": ">=10.0.0", "rollup": ">=0.31.2" } }, "sha512-paFu+nT1xvuO1tPFYXGe+XnQvg4Hjqv/eIhG8i5EspfYYPBKL57X7iVbfv55aNVASg3dzWvES9dmWsL2KhfByw=="],

    "scraggy": ["scraggy@0.0.5", "", { "dependencies": { "acorn": "^8.11.3" } }, "sha512-z7YTuiCxDN6b5lHzqawt4uAVM6tF5cyWYOxOvybNI9D9mg1WLWFZvun2y2lK3yoLJIEqPOPDdMMUdSMubqLEbQ=="],

    "source-map-js": ["source-map-js@1.2.1", "", {}, ""],

    "source-map-resolve": ["source-map-resolve@0.6.0", "", { "dependencies": { "atob": "^2.1.2", "decode-uri-component": "^0.2.0" } }, "sha512-KXBr9d/fO/bWo97NXsPIAW1bFSBOuCnjbNTBMO7N59hsv5i9yzRDfcYwwt0l04+VqnKC+EwzvJZIP/qkuMgR/w=="],

    "typescript": ["typescript@5.8.2", "", { "bin": { "tsc": "bin/tsc", "tsserver": "bin/tsserver" } }, ""],

    "undici-types": ["undici-types@6.20.0", "", {}, ""],

    "vite": ["vite@5.4.14", "", { "dependencies": { "esbuild": "^0.21.3", "postcss": "^8.4.43", "rollup": "^4.20.0" }, "optionalDependencies": { "fsevents": "~2.3.3" }, "peerDependencies": { "@types/node": "^18.0.0 || >=20.0.0", "less": "*", "lightningcss": "^1.21.0", "sass": "*", "sass-embedded": "*", "stylus": "*", "sugarss": "*", "terser": "^5.4.0" }, "optionalPeers": ["less", "lightningcss", "sass", "sass-embedded", "stylus", "sugarss", "terser"], "bin": "bin/vite.js" }, ""],

    "vite/rollup": ["rollup@4.34.9", "", { "dependencies": { "@types/estree": "1.0.6" }, "optionalDependencies": { "@rollup/rollup-android-arm-eabi": "4.34.9", "@rollup/rollup-android-arm64": "4.34.9", "@rollup/rollup-darwin-arm64": "4.34.9", "@rollup/rollup-darwin-x64": "4.34.9", "@rollup/rollup-freebsd-arm64": "4.34.9", "@rollup/rollup-freebsd-x64": "4.34.9", "@rollup/rollup-linux-arm-gnueabihf": "4.34.9", "@rollup/rollup-linux-arm-musleabihf": "4.34.9", "@rollup/rollup-linux-arm64-gnu": "4.34.9", "@rollup/rollup-linux-arm64-musl": "4.34.9", "@rollup/rollup-linux-loongarch64-gnu": "4.34.9", "@rollup/rollup-linux-powerpc64le-gnu": "4.34.9", "@rollup/rollup-linux-riscv64-gnu": "4.34.9", "@rollup/rollup-linux-s390x-gnu": "4.34.9", "@rollup/rollup-linux-x64-gnu": "4.34.9", "@rollup/rollup-linux-x64-musl": "4.34.9", "@rollup/rollup-win32-arm64-msvc": "4.34.9", "@rollup/rollup-win32-ia32-msvc": "4.34.9", "@rollup/rollup-win32-x64-msvc": "4.34.9", "fsevents": "~2.3.2" }, "bin": "dist/bin/rollup" }, "sha512-nF5XYqWWp9hx/LrpC8sZvvvmq0TeTjQgaZHYmAgwysT9nh8sWnZhBnM8ZyVbbJFIQBLwHDNoMqsBZBbUo4U8sQ=="],

    "vite/rollup/@types/estree": ["@types/estree@1.0.6", "", {}, "sha512-AYnb1nQyY49te+VRAVgmzfcgjYS91mY5P0TKUDCLEM+gNnA+3T6rWITXRLYCpahpqSQbN5cE+gHpnPyXjHWxcw=="],
  }
}
